
Microsoft Visual Studio Solution File, Format Version 9.00
# Visual Studio 2008
Project("{8BC9CEB8-8B4A-11D0-8D11-00A0C91BC942}") = "CCString", "CCString\CCString.vcproj", "{0E9BB253-75E6-4BC2-A796-D0259842FC6D}"
EndProject
Global
	GlobalSection(SolutionConfigurationPlatforms) = preSolution
		Debug|Win32 = Debug|Win32
		Release|Win32 = Release|Win32
	EndGlobalSection
	GlobalSection(ProjectConfigurationPlatforms) = postSolution
		{0E9BB253-75E6-4BC2-A796-D0259842FC6D}.Debug|Win32.ActiveCfg = Debug|Win32
		{0E9BB253-75E6-4BC2-A796-D0259842FC6D}.Debug|Win32.Build.0 = Debug|Win32
		{0E9BB253-75E6-4BC2-A796-D0259842FC6D}.Release|Win32.ActiveCfg = Release|Win32
		{0E9BB253-75E6-4BC2-A796-D0259842FC6D}.Release|Win32.Build.0 = Release|Win32
	EndGlobalSection
	GlobalSection(SolutionProperties) = preSolution
		HideSolutionNode = FALSE
	EndGlobalSection
EndGlobal
