
Microsoft Visual Studio Solution File, Format Version 10.00
# Visual C++ Express 2008
Project("{8BC9CEB8-8B4A-11D0-8D11-00A0C91BC942}") = "C++_2_Html_Helper", "C++_2_Html_Helper\C++_2_Html_Helper.vcproj", "{35328E30-59D5-43FE-BAC5-10176D7D517B}"
EndProject
Global
	GlobalSection(SolutionConfigurationPlatforms) = preSolution
		Debug|Win32 = Debug|Win32
		Release|Win32 = Release|Win32
	EndGlobalSection
	GlobalSection(ProjectConfigurationPlatforms) = postSolution
		{35328E30-59D5-43FE-BAC5-10176D7D517B}.Debug|Win32.ActiveCfg = Debug|Win32
		{35328E30-59D5-43FE-BAC5-10176D7D517B}.Debug|Win32.Build.0 = Debug|Win32
		{35328E30-59D5-43FE-BAC5-10176D7D517B}.Release|Win32.ActiveCfg = Release|Win32
		{35328E30-59D5-43FE-BAC5-10176D7D517B}.Release|Win32.Build.0 = Release|Win32
	EndGlobalSection
	GlobalSection(SolutionProperties) = preSolution
		HideSolutionNode = FALSE
	EndGlobalSection
EndGlobal
